
Microsoft Visual Studio Solution File, Format Version 12.00
# Visual Studio Version 17
VisualStudioVersion = 17.4.33205.214
MinimumVisualStudioVersion = 10.0.40219.1
Project("{9A19103F-16F7-4668-BE54-9A1E7A4F7556}") = "exc", "exc\exc.csproj", "{4568AE4C-EC9E-4BEF-96DB-EF8D8472E581}"
EndProject
Project("{9A19103F-16F7-4668-BE54-9A1E7A4F7556}") = "exc2", "exc2\exc2.csproj", "{C286D9BC-8FBF-479C-A324-57FE0F690740}"
EndProject
Project("{9A19103F-16F7-4668-BE54-9A1E7A4F7556}") = "exc3", "exc3\exc3.csproj", "{8CD34C16-7AC4-4B58-B37E-7ABCD8B4F7DD}"
EndProject
Project("{9A19103F-16F7-4668-BE54-9A1E7A4F7556}") = "exc4", "exc4\exc4.csproj", "{96018E6C-9AA5-47BB-9F74-36A4685B191D}"
EndProject
Project("{9A19103F-16F7-4668-BE54-9A1E7A4F7556}") = "exc5", "exc5\exc5.csproj", "{58B5E66F-622C-4A2C-BC9B-F2A2BDB93E6C}"
EndProject
Project("{FAE04EC0-301F-11D3-BF4B-00C04F79EFBC}") = "exc60", "exc60\exc60.csproj", "{907ABEE6-D72B-4570-B474-FC9659D179B8}"
EndProject
Project("{FAE04EC0-301F-11D3-BF4B-00C04F79EFBC}") = "exc7", "exc7\exc7.csproj", "{61A59901-56ED-4D83-83CE-E19A3B13855C}"
EndProject
Project("{FAE04EC0-301F-11D3-BF4B-00C04F79EFBC}") = "exc8", "exc8\exc8.csproj", "{EFC06B2C-754D-433F-90BD-E481B95839C9}"
EndProject
Project("{FAE04EC0-301F-11D3-BF4B-00C04F79EFBC}") = "exc9", "exc9\exc9.csproj", "{B84B52F4-7CC8-4E78-B25B-2ED7DCA2AC54}"
EndProject
Project("{FAE04EC0-301F-11D3-BF4B-00C04F79EFBC}") = "exc10", "exc10\exc10.csproj", "{26CE5F71-9D43-4EBE-BEF1-41E83C0C79BF}"
EndProject
Project("{FAE04EC0-301F-11D3-BF4B-00C04F79EFBC}") = "exc11", "exc11\exc11.csproj", "{BB12A281-3156-4616-805E-225987FFEF56}"
EndProject
Project("{FAE04EC0-301F-11D3-BF4B-00C04F79EFBC}") = "exc12", "exc12\exc12.csproj", "{26DC0BAA-CFD1-46BE-8135-C9A3412AA6D5}"
EndProject
Global
	GlobalSection(SolutionConfigurationPlatforms) = preSolution
		Debug|Any CPU = Debug|Any CPU
		Release|Any CPU = Release|Any CPU
	EndGlobalSection
	GlobalSection(ProjectConfigurationPlatforms) = postSolution
		{4568AE4C-EC9E-4BEF-96DB-EF8D8472E581}.Debug|Any CPU.ActiveCfg = Debug|Any CPU
		{4568AE4C-EC9E-4BEF-96DB-EF8D8472E581}.Debug|Any CPU.Build.0 = Debug|Any CPU
		{4568AE4C-EC9E-4BEF-96DB-EF8D8472E581}.Release|Any CPU.ActiveCfg = Release|Any CPU
		{4568AE4C-EC9E-4BEF-96DB-EF8D8472E581}.Release|Any CPU.Build.0 = Release|Any CPU
		{C286D9BC-8FBF-479C-A324-57FE0F690740}.Debug|Any CPU.ActiveCfg = Debug|Any CPU
		{C286D9BC-8FBF-479C-A324-57FE0F690740}.Debug|Any CPU.Build.0 = Debug|Any CPU
		{C286D9BC-8FBF-479C-A324-57FE0F690740}.Release|Any CPU.ActiveCfg = Release|Any CPU
		{C286D9BC-8FBF-479C-A324-57FE0F690740}.Release|Any CPU.Build.0 = Release|Any CPU
		{8CD34C16-7AC4-4B58-B37E-7ABCD8B4F7DD}.Debug|Any CPU.ActiveCfg = Debug|Any CPU
		{8CD34C16-7AC4-4B58-B37E-7ABCD8B4F7DD}.Debug|Any CPU.Build.0 = Debug|Any CPU
		{8CD34C16-7AC4-4B58-B37E-7ABCD8B4F7DD}.Release|Any CPU.ActiveCfg = Release|Any CPU
		{8CD34C16-7AC4-4B58-B37E-7ABCD8B4F7DD}.Release|Any CPU.Build.0 = Release|Any CPU
		{96018E6C-9AA5-47BB-9F74-36A4685B191D}.Debug|Any CPU.ActiveCfg = Debug|Any CPU
		{96018E6C-9AA5-47BB-9F74-36A4685B191D}.Debug|Any CPU.Build.0 = Debug|Any CPU
		{96018E6C-9AA5-47BB-9F74-36A4685B191D}.Release|Any CPU.ActiveCfg = Release|Any CPU
		{96018E6C-9AA5-47BB-9F74-36A4685B191D}.Release|Any CPU.Build.0 = Release|Any CPU
		{58B5E66F-622C-4A2C-BC9B-F2A2BDB93E6C}.Debug|Any CPU.ActiveCfg = Debug|Any CPU
		{58B5E66F-622C-4A2C-BC9B-F2A2BDB93E6C}.Debug|Any CPU.Build.0 = Debug|Any CPU
		{58B5E66F-622C-4A2C-BC9B-F2A2BDB93E6C}.Release|Any CPU.ActiveCfg = Release|Any CPU
		{58B5E66F-622C-4A2C-BC9B-F2A2BDB93E6C}.Release|Any CPU.Build.0 = Release|Any CPU
		{907ABEE6-D72B-4570-B474-FC9659D179B8}.Debug|Any CPU.ActiveCfg = Debug|Any CPU
		{907ABEE6-D72B-4570-B474-FC9659D179B8}.Debug|Any CPU.Build.0 = Debug|Any CPU
		{907ABEE6-D72B-4570-B474-FC9659D179B8}.Release|Any CPU.ActiveCfg = Release|Any CPU
		{907ABEE6-D72B-4570-B474-FC9659D179B8}.Release|Any CPU.Build.0 = Release|Any CPU
		{61A59901-56ED-4D83-83CE-E19A3B13855C}.Debug|Any CPU.ActiveCfg = Debug|Any CPU
		{61A59901-56ED-4D83-83CE-E19A3B13855C}.Debug|Any CPU.Build.0 = Debug|Any CPU
		{61A59901-56ED-4D83-83CE-E19A3B13855C}.Release|Any CPU.ActiveCfg = Release|Any CPU
		{61A59901-56ED-4D83-83CE-E19A3B13855C}.Release|Any CPU.Build.0 = Release|Any CPU
		{EFC06B2C-754D-433F-90BD-E481B95839C9}.Debug|Any CPU.ActiveCfg = Debug|Any CPU
		{EFC06B2C-754D-433F-90BD-E481B95839C9}.Debug|Any CPU.Build.0 = Debug|Any CPU
		{EFC06B2C-754D-433F-90BD-E481B95839C9}.Release|Any CPU.ActiveCfg = Release|Any CPU
		{EFC06B2C-754D-433F-90BD-E481B95839C9}.Release|Any CPU.Build.0 = Release|Any CPU
		{B84B52F4-7CC8-4E78-B25B-2ED7DCA2AC54}.Debug|Any CPU.ActiveCfg = Debug|Any CPU
		{B84B52F4-7CC8-4E78-B25B-2ED7DCA2AC54}.Debug|Any CPU.Build.0 = Debug|Any CPU
		{B84B52F4-7CC8-4E78-B25B-2ED7DCA2AC54}.Release|Any CPU.ActiveCfg = Release|Any CPU
		{B84B52F4-7CC8-4E78-B25B-2ED7DCA2AC54}.Release|Any CPU.Build.0 = Release|Any CPU
		{26CE5F71-9D43-4EBE-BEF1-41E83C0C79BF}.Debug|Any CPU.ActiveCfg = Debug|Any CPU
		{26CE5F71-9D43-4EBE-BEF1-41E83C0C79BF}.Debug|Any CPU.Build.0 = Debug|Any CPU
		{26CE5F71-9D43-4EBE-BEF1-41E83C0C79BF}.Release|Any CPU.ActiveCfg = Release|Any CPU
		{26CE5F71-9D43-4EBE-BEF1-41E83C0C79BF}.Release|Any CPU.Build.0 = Release|Any CPU
		{BB12A281-3156-4616-805E-225987FFEF56}.Debug|Any CPU.ActiveCfg = Debug|Any CPU
		{BB12A281-3156-4616-805E-225987FFEF56}.Debug|Any CPU.Build.0 = Debug|Any CPU
		{BB12A281-3156-4616-805E-225987FFEF56}.Release|Any CPU.ActiveCfg = Release|Any CPU
		{BB12A281-3156-4616-805E-225987FFEF56}.Release|Any CPU.Build.0 = Release|Any CPU
		{26DC0BAA-CFD1-46BE-8135-C9A3412AA6D5}.Debug|Any CPU.ActiveCfg = Debug|Any CPU
		{26DC0BAA-CFD1-46BE-8135-C9A3412AA6D5}.Debug|Any CPU.Build.0 = Debug|Any CPU
		{26DC0BAA-CFD1-46BE-8135-C9A3412AA6D5}.Release|Any CPU.ActiveCfg = Release|Any CPU
		{26DC0BAA-CFD1-46BE-8135-C9A3412AA6D5}.Release|Any CPU.Build.0 = Release|Any CPU
	EndGlobalSection
	GlobalSection(SolutionProperties) = preSolution
		HideSolutionNode = FALSE
	EndGlobalSection
	GlobalSection(ExtensibilityGlobals) = postSolution
		SolutionGuid = {CF015561-9525-4A93-A8F5-C7B111798808}
	EndGlobalSection
EndGlobal
